// !$*UTF8*$!
{
	archiveVersion = 1;
	classes = {
	};
	objectVersion = 46;
	objects = {

/* Begin PBXBuildFile section */
		4933C6211C5A137900F658F5 /* main.m in Sources */ = {isa = PBXBuildFile; fileRef = 4933C6201C5A137900F658F5 /* main.m */; };
		4933C6241C5A137900F658F5 /* AppDelegate.m in Sources */ = {isa = PBXBuildFile; fileRef = 4933C6231C5A137900F658F5 /* AppDelegate.m */; };
		4933C6271C5A137900F658F5 /* ViewController.m in Sources */ = {isa = PBXBuildFile; fileRef = 4933C6261C5A137900F658F5 /* ViewController.m */; };
		4933C62A1C5A137900F658F5 /* Main.storyboard in Resources */ = {isa = PBXBuildFile; fileRef = 4933C6281C5A137900F658F5 /* Main.storyboard */; };
		4933C62C1C5A137900F658F5 /* Images.xcassets in Resources */ = {isa = PBXBuildFile; fileRef = 4933C62B1C5A137900F658F5 /* Images.xcassets */; };
		4933C62F1C5A137900F658F5 /* LaunchScreen.xib in Resources */ = {isa = PBXBuildFile; fileRef = 4933C62D1C5A137900F658F5 /* LaunchScreen.xib */; };
		4933C63B1C5A137900F658F5 /* CheckBoxTests.m in Sources */ = {isa = PBXBuildFile; fileRef = 4933C63A1C5A137900F658F5 /* CheckBoxTests.m */; };
		4933C6471C5A144A00F658F5 /* NCCheckBox.m in Sources */ = {isa = PBXBuildFile; fileRef = 4933C6461C5A144A00F658F5 /* NCCheckBox.m */; };
		4933C64A1C5A631C00F658F5 /* cb_normal@2x.png in Resources */ = {isa = PBXBuildFile; fileRef = 4933C6481C5A631C00F658F5 /* cb_normal@2x.png */; };
		4933C64B1C5A631C00F658F5 /* cb_selected@2x.png in Resources */ = {isa = PBXBuildFile; fileRef = 4933C6491C5A631C00F658F5 /* cb_selected@2x.png */; };
		498B24211C880F6D008DABC9 /* NCRadioGroup.m in Sources */ = {isa = PBXBuildFile; fileRef = 498B24201C880F6D008DABC9 /* NCRadioGroup.m */; };
/* End PBXBuildFile section */

/* Begin PBXContainerItemProxy section */
		4933C6351C5A137900F658F5 /* PBXContainerItemProxy */ = {
			isa = PBXContainerItemProxy;
			containerPortal = 4933C6131C5A137900F658F5 /* Project object */;
			proxyType = 1;
			remoteGlobalIDString = 4933C61A1C5A137900F658F5;
			remoteInfo = CheckBox;
		};
/* End PBXContainerItemProxy section */

/* Begin PBXFileReference section */
		4933C61B1C5A137900F658F5 /* CheckBox.app */ = {isa = PBXFileReference; explicitFileType = wrapper.application; includeInIndex = 0; path = CheckBox.app; sourceTree = BUILT_PRODUCTS_DIR; };
		4933C61F1C5A137900F658F5 /* Info.plist */ = {isa = PBXFileReference; lastKnownFileType = text.plist.xml; path = Info.plist; sourceTree = "<group>"; };
		4933C6201C5A137900F658F5 /* main.m */ = {isa = PBXFileReference; lastKnownFileType = sourcecode.c.objc; path = main.m; sourceTree = "<group>"; };
		4933C6221C5A137900F658F5 /* AppDelegate.h */ = {isa = PBXFileReference; lastKnownFileType = sourcecode.c.h; path = AppDelegate.h; sourceTree = "<group>"; };
		4933C6231C5A137900F658F5 /* AppDelegate.m */ = {isa = PBXFileReference; lastKnownFileType = sourcecode.c.objc; path = AppDelegate.m; sourceTree = "<group>"; };
		4933C6251C5A137900F658F5 /* ViewController.h */ = {isa = PBXFileReference; lastKnownFileType = sourcecode.c.h; path = ViewController.h; sourceTree = "<group>"; };
		4933C6261C5A137900F658F5 /* ViewController.m */ = {isa = PBXFileReference; lastKnownFileType = sourcecode.c.objc; path = ViewController.m; sourceTree = "<group>"; };
		4933C6291C5A137900F658F5 /* Base */ = {isa = PBXFileReference; lastKnownFileType = file.storyboard; name = Base; path = Base.lproj/Main.storyboard; sourceTree = "<group>"; };
		4933C62B1C5A137900F658F5 /* Images.xcassets */ = {isa = PBXFileReference; lastKnownFileType = folder.assetcatalog; path = Images.xcassets; sourceTree = "<group>"; };
		4933C62E1C5A137900F658F5 /* Base */ = {isa = PBXFileReference; lastKnownFileType = file.xib; name = Base; path = Base.lproj/LaunchScreen.xib; sourceTree = "<group>"; };
		4933C6341C5A137900F658F5 /* CheckBoxTests.xctest */ = {isa = PBXFileReference; explicitFileType = wrapper.cfbundle; includeInIndex = 0; path = CheckBoxTests.xctest; sourceTree = BUILT_PRODUCTS_DIR; };
		4933C6391C5A137900F658F5 /* Info.plist */ = {isa = PBXFileReference; lastKnownFileType = text.plist.xml; path = Info.plist; sourceTree = "<group>"; };
		4933C63A1C5A137900F658F5 /* CheckBoxTests.m */ = {isa = PBXFileReference; lastKnownFileType = sourcecode.c.objc; path = CheckBoxTests.m; sourceTree = "<group>"; };
		4933C6451C5A144A00F658F5 /* NCCheckBox.h */ = {isa = PBXFileReference; fileEncoding = 4; lastKnownFileType = sourcecode.c.h; path = NCCheckBox.h; sourceTree = "<group>"; };
		4933C6461C5A144A00F658F5 /* NCCheckBox.m */ = {isa = PBXFileReference; fileEncoding = 4; lastKnownFileType = sourcecode.c.objc; path = NCCheckBox.m; sourceTree = "<group>"; };
		4933C6481C5A631C00F658F5 /* cb_normal@2x.png */ = {isa = PBXFileReference; lastKnownFileType = image.png; path = "cb_normal@2x.png"; sourceTree = "<group>"; };
		4933C6491C5A631C00F658F5 /* cb_selected@2x.png */ = {isa = PBXFileReference; lastKnownFileType = image.png; path = "cb_selected@2x.png"; sourceTree = "<group>"; };
		498B241F1C880F6D008DABC9 /* NCRadioGroup.h */ = {isa = PBXFileReference; fileEncoding = 4; lastKnownFileType = sourcecode.c.h; path = NCRadioGroup.h; sourceTree = "<group>"; };
		498B24201C880F6D008DABC9 /* NCRadioGroup.m */ = {isa = PBXFileReference; fileEncoding = 4; lastKnownFileType = sourcecode.c.objc; path = NCRadioGroup.m; sourceTree = "<group>"; };
/* End PBXFileReference section */

/* Begin PBXFrameworksBuildPhase section */
		4933C6181C5A137900F658F5 /* Frameworks */ = {
			isa = PBXFrameworksBuildPhase;
			buildActionMask = 2147483647;
			files = (
			);
			runOnlyForDeploymentPostprocessing = 0;
		};
		4933C6311C5A137900F658F5 /* Frameworks */ = {
			isa = PBXFrameworksBuildPhase;
			buildActionMask = 2147483647;
			files = (
			);
			runOnlyForDeploymentPostprocessing = 0;
		};
/* End PBXFrameworksBuildPhase section */

/* Begin PBXGroup section */
		4933C6121C5A137900F658F5 = {
			isa = PBXGroup;
			children = (
				4933C61D1C5A137900F658F5 /* CheckBox */,
				4933C6371C5A137900F658F5 /* CheckBoxTests */,
				4933C61C1C5A137900F658F5 /* Products */,
			);
			sourceTree = "<group>";
		};
		4933C61C1C5A137900F658F5 /* Products */ = {
			isa = PBXGroup;
			children = (
				4933C61B1C5A137900F658F5 /* CheckBox.app */,
				4933C6341C5A137900F658F5 /* CheckBoxTests.xctest */,
			);
			name = Products;
			sourceTree = "<group>";
		};
		4933C61D1C5A137900F658F5 /* CheckBox */ = {
			isa = PBXGroup;
			children = (
				4933C6441C5A141800F658F5 /* NCCheckBox */,
				4933C6221C5A137900F658F5 /* AppDelegate.h */,
				4933C6231C5A137900F658F5 /* AppDelegate.m */,
				4933C6251C5A137900F658F5 /* ViewController.h */,
				4933C6261C5A137900F658F5 /* ViewController.m */,
				4933C6281C5A137900F658F5 /* Main.storyboard */,
				4933C62B1C5A137900F658F5 /* Images.xcassets */,
				4933C62D1C5A137900F658F5 /* LaunchScreen.xib */,
				4933C61E1C5A137900F658F5 /* Supporting Files */,
			);
			path = CheckBox;
			sourceTree = "<group>";
		};
		4933C61E1C5A137900F658F5 /* Supporting Files */ = {
			isa = PBXGroup;
			children = (
				4933C6481C5A631C00F658F5 /* cb_normal@2x.png */,
				4933C6491C5A631C00F658F5 /* cb_selected@2x.png */,
				4933C61F1C5A137900F658F5 /* Info.plist */,
				4933C6201C5A137900F658F5 /* main.m */,
			);
			name = "Supporting Files";
			sourceTree = "<group>";
		};
		4933C6371C5A137900F658F5 /* CheckBoxTests */ = {
			isa = PBXGroup;
			children = (
				4933C63A1C5A137900F658F5 /* CheckBoxTests.m */,
				4933C6381C5A137900F658F5 /* Supporting Files */,
			);
			path = CheckBoxTests;
			sourceTree = "<group>";
		};
		4933C6381C5A137900F658F5 /* Supporting Files */ = {
			isa = PBXGroup;
			children = (
				4933C6391C5A137900F658F5 /* Info.plist */,
			);
			name = "Supporting Files";
			sourceTree = "<group>";
		};
		4933C6441C5A141800F658F5 /* NCCheckBox */ = {
			isa = PBXGroup;
			children = (
				4933C6451C5A144A00F658F5 /* NCCheckBox.h */,
				4933C6461C5A144A00F658F5 /* NCCheckBox.m */,
				498B241F1C880F6D008DABC9 /* NCRadioGroup.h */,
				498B24201C880F6D008DABC9 /* NCRadioGroup.m */,
			);
			path = NCCheckBox;
			sourceTree = "<group>";
		};
/* End PBXGroup section */

/* Begin PBXNativeTarget section */
		4933C61A1C5A137900F658F5 /* CheckBox */ = {
			isa = PBXNativeTarget;
			buildConfigurationList = 4933C63E1C5A137900F658F5 /* Build configuration list for PBXNativeTarget "CheckBox" */;
			buildPhases = (
				4933C6171C5A137900F658F5 /* Sources */,
				4933C6181C5A137900F658F5 /* Frameworks */,
				4933C6191C5A137900F658F5 /* Resources */,
			);
			buildRules = (
			);
			dependencies = (
			);
			name = CheckBox;
			productName = CheckBox;
			productReference = 4933C61B1C5A137900F658F5 /* CheckBox.app */;
			productType = "com.apple.product-type.application";
		};
		4933C6331C5A137900F658F5 /* CheckBoxTests */ = {
			isa = PBXNativeTarget;
			buildConfigurationList = 4933C6411C5A137900F658F5 /* Build configuration list for PBXNativeTarget "CheckBoxTests" */;
			buildPhases = (
				4933C6301C5A137900F658F5 /* Sources */,
				4933C6311C5A137900F658F5 /* Frameworks */,
				4933C6321C5A137900F658F5 /* Resources */,
			);
			buildRules = (
			);
			dependencies = (
				4933C6361C5A137900F658F5 /* PBXTargetDependency */,
			);
			name = CheckBoxTests;
			productName = CheckBoxTests;
			productReference = 4933C6341C5A137900F658F5 /* CheckBoxTests.xctest */;
			productType = "com.apple.product-type.bundle.unit-test";
		};
/* End PBXNativeTarget section */

/* Begin PBXProject section */
		4933C6131C5A137900F658F5 /* Project object */ = {
			isa = PBXProject;
			attributes = {
				LastUpgradeCheck = 0640;
				ORGANIZATIONNAME = BeautyFuture;
				TargetAttributes = {
					4933C61A1C5A137900F658F5 = {
						CreatedOnToolsVersion = 6.4;
					};
					4933C6331C5A137900F658F5 = {
						CreatedOnToolsVersion = 6.4;
						TestTargetID = 4933C61A1C5A137900F658F5;
					};
				};
			};
			buildConfigurationList = 4933C6161C5A137900F658F5 /* Build configuration list for PBXProject "CheckBox" */;
			compatibilityVersion = "Xcode 3.2";
			developmentRegion = English;
			hasScannedForEncodings = 0;
			knownRegions = (
				en,
				Base,
			);
			mainGroup = 4933C6121C5A137900F658F5;
			productRefGroup = 4933C61C1C5A137900F658F5 /* Products */;
			projectDirPath = "";
			projectRoot = "";
			targets = (
				4933C61A1C5A137900F658F5 /* CheckBox */,
				4933C6331C5A137900F658F5 /* CheckBoxTests */,
			);
		};
/* End PBXProject section */

/* Begin PBXResourcesBuildPhase section */
		4933C6191C5A137900F658F5 /* Resources */ = {
			isa = PBXResourcesBuildPhase;
			buildActionMask = 2147483647;
			files = (
				4933C62A1C5A137900F658F5 /* Main.storyboard in Resources */,
				4933C64B1C5A631C00F658F5 /* cb_selected@2x.png in Resources */,
				4933C62F1C5A137900F658F5 /* LaunchScreen.xib in Resources */,
				4933C64A1C5A631C00F658F5 /* cb_normal@2x.png in Resources */,
				4933C62C1C5A137900F658F5 /* Images.xcassets in Resources */,
			);
			runOnlyForDeploymentPostprocessing = 0;
		};
		4933C6321C5A137900F658F5 /* Resources */ = {
			isa = PBXResourcesBuildPhase;
			buildActionMask = 2147483647;
			files = (
			);
			runOnlyForDeploymentPostprocessing = 0;
		};
/* End PBXResourcesBuildPhase section */

/* Begin PBXSourcesBuildPhase section */
		4933C6171C5A137900F658F5 /* Sources */ = {
			isa = PBXSourcesBuildPhase;
			buildActionMask = 2147483647;
			files = (
				4933C6271C5A137900F658F5 /* ViewController.m in Sources */,
				498B24211C880F6D008DABC9 /* NCRadioGroup.m in Sources */,
				4933C6241C5A137900F658F5 /* AppDelegate.m in Sources */,
				4933C6211C5A137900F658F5 /* main.m in Sources */,
				4933C6471C5A144A00F658F5 /* NCCheckBox.m in Sources */,
			);
			runOnlyForDeploymentPostprocessing = 0;
		};
		4933C6301C5A137900F658F5 /* Sources */ = {
			isa = PBXSourcesBuildPhase;
			buildActionMask = 2147483647;
			files = (
				4933C63B1C5A137900F658F5 /* CheckBoxTests.m in Sources */,
			);
			runOnlyForDeploymentPostprocessing = 0;
		};
/* End PBXSourcesBuildPhase section */

/* Begin PBXTargetDependency section */
		4933C6361C5A137900F658F5 /* PBXTargetDependency */ = {
			isa = PBXTargetDependency;
			target = 4933C61A1C5A137900F658F5 /* CheckBox */;
			targetProxy = 4933C6351C5A137900F658F5 /* PBXContainerItemProxy */;
		};
/* End PBXTargetDependency section */

/* Begin PBXVariantGroup section */
		4933C6281C5A137900F658F5 /* Main.storyboard */ = {
			isa = PBXVariantGroup;
			children = (
				4933C6291C5A137900F658F5 /* Base */,
			);
			name = Main.storyboard;
			sourceTree = "<group>";
		};
		4933C62D1C5A137900F658F5 /* LaunchScreen.xib */ = {
			isa = PBXVariantGroup;
			children = (
				4933C62E1C5A137900F658F5 /* Base */,
			);
			name = LaunchScreen.xib;
			sourceTree = "<group>";
		};
/* End PBXVariantGroup section */

/* Begin XCBuildConfiguration section */
		4933C63C1C5A137900F658F5 /* Debug */ = {
			isa = XCBuildConfiguration;
			buildSettings = {
				ALWAYS_SEARCH_USER_PATHS = NO;
				CLANG_CXX_LANGUAGE_STANDARD = "gnu++0x";
				CLANG_CXX_LIBRARY = "libc++";
				CLANG_ENABLE_MODULES = YES;
				CLANG_ENABLE_OBJC_ARC = YES;
				CLANG_WARN_BOOL_CONVERSION = YES;
				CLANG_WARN_CONSTANT_CONVERSION = YES;
				CLANG_WARN_DIRECT_OBJC_ISA_USAGE = YES_ERROR;
				CLANG_WARN_EMPTY_BODY = YES;
				CLANG_WARN_ENUM_CONVERSION = YES;
				CLANG_WARN_INT_CONVERSION = YES;
				CLANG_WARN_OBJC_ROOT_CLASS = YES_ERROR;
				CLANG_WARN_UNREACHABLE_CODE = YES;
				CLANG_WARN__DUPLICATE_METHOD_MATCH = YES;
				"CODE_SIGN_IDENTITY[sdk=iphoneos*]" = "iPhone Developer";
				COPY_PHASE_STRIP = NO;
				DEBUG_INFORMATION_FORMAT = "dwarf-with-dsym";
				ENABLE_STRICT_OBJC_MSGSEND = YES;
				GCC_C_LANGUAGE_STANDARD = gnu99;
				GCC_DYNAMIC_NO_PIC = NO;
				GCC_NO_COMMON_BLOCKS = YES;
				GCC_OPTIMIZATION_LEVEL = 0;
				GCC_PREPROCESSOR_DEFINITIONS = (
					"DEBUG=1",
					"$(inherited)",
				);
				GCC_SYMBOLS_PRIVATE_EXTERN = NO;
				GCC_WARN_64_TO_32_BIT_CONVERSION = YES;
				GCC_WARN_ABOUT_RETURN_TYPE = YES_ERROR;
				GCC_WARN_UNDECLARED_SELECTOR = YES;
				GCC_WARN_UNINITIALIZED_AUTOS = YES_AGGRESSIVE;
				GCC_WARN_UNUSED_FUNCTION = YES;
				GCC_WARN_UNUSED_VARIABLE = YES;
				IPHONEOS_DEPLOYMENT_TARGET = 8.4;
				MTL_ENABLE_DEBUG_INFO = YES;
				ONLY_ACTIVE_ARCH = YES;
				SDKROOT = iphoneos;
				TARGETED_DEVICE_FAMILY = "1,2";
			};
			name = Debug;
		};
		4933C63D1C5A137900F658F5 /* Release */ = {
			isa = XCBuildConfiguration;
			buildSettings = {
				ALWAYS_SEARCH_USER_PATHS = NO;
				CLANG_CXX_LANGUAGE_STANDARD = "gnu++0x";
				CLANG_CXX_LIBRARY = "libc++";
				CLANG_ENABLE_MODULES = YES;
				CLANG_ENABLE_OBJC_ARC = YES;
				CLANG_WARN_BOOL_CONVERSION = YES;
				CLANG_WARN_CONSTANT_CONVERSION = YES;
				CLANG_WARN_DIRECT_OBJC_ISA_USAGE = YES_ERROR;
				CLANG_WARN_EMPTY_BODY = YES;
				CLANG_WARN_ENUM_CONVERSION = YES;
				CLANG_WARN_INT_CONVERSION = YES;
				CLANG_WARN_OBJC_ROOT_CLASS = YES_ERROR;
				CLANG_WARN_UNREACHABLE_CODE = YES;
				CLANG_WARN__DUPLICATE_METHOD_MATCH = YES;
				"CODE_SIGN_IDENTITY[sdk=iphoneos*]" = "iPhone Developer";
				COPY_PHASE_STRIP = NO;
				DEBUG_INFORMATION_FORMAT = "dwarf-with-dsym";
				ENABLE_NS_ASSERTIONS = NO;
				ENABLE_STRICT_OBJC_MSGSEND = YES;
				GCC_C_LANGUAGE_STANDARD = gnu99;
				GCC_NO_COMMON_BLOCKS = YES;
				GCC_WARN_64_TO_32_BIT_CONVERSION = YES;
				GCC_WARN_ABOUT_RETURN_TYPE = YES_ERROR;
				GCC_WARN_UNDECLARED_SELECTOR = YES;
				GCC_WARN_UNINITIALIZED_AUTOS = YES_AGGRESSIVE;
				GCC_WARN_UNUSED_FUNCTION = YES;
				GCC_WARN_UNUSED_VARIABLE = YES;
				IPHONEOS_DEPLOYMENT_TARGET = 8.4;
				MTL_ENABLE_DEBUG_INFO = NO;
				SDKROOT = iphoneos;
				TARGETED_DEVICE_FAMILY = "1,2";
				VALIDATE_PRODUCT = YES;
			};
			name = Release;
		};
		4933C63F1C5A137900F658F5 /* Debug */ = {
			isa = XCBuildConfiguration;
			buildSettings = {
				ASSETCATALOG_COMPILER_APPICON_NAME = AppIcon;
				INFOPLIST_FILE = CheckBox/Info.plist;
				LD_RUNPATH_SEARCH_PATHS = "$(inherited) @executable_path/Frameworks";
				PRODUCT_NAME = "$(TARGET_NAME)";
			};
			name = Debug;
		};
		4933C6401C5A137900F658F5 /* Release */ = {
			isa = XCBuildConfiguration;
			buildSettings = {
				ASSETCATALOG_COMPILER_APPICON_NAME = AppIcon;
				INFOPLIST_FILE = CheckBox/Info.plist;
				LD_RUNPATH_SEARCH_PATHS = "$(inherited) @executable_path/Frameworks";
				PRODUCT_NAME = "$(TARGET_NAME)";
			};
			name = Release;
		};
		4933C6421C5A137900F658F5 /* Debug */ = {
			isa = XCBuildConfiguration;
			buildSettings = {
				BUNDLE_LOADER = "$(TEST_HOST)";
				FRAMEWORK_SEARCH_PATHS = (
					"$(SDKROOT)/Developer/Library/Frameworks",
					"$(inherited)",
				);
				GCC_PREPROCESSOR_DEFINITIONS = (
					"DEBUG=1",
					"$(inherited)",
				);
				INFOPLIST_FILE = CheckBoxTests/Info.plist;
				LD_RUNPATH_SEARCH_PATHS = "$(inherited) @executable_path/Frameworks @loader_path/Frameworks";
				PRODUCT_NAME = "$(TARGET_NAME)";
				TEST_HOST = "$(BUILT_PRODUCTS_DIR)/CheckBox.app/CheckBox";
			};
			name = Debug;
		};
		4933C6431C5A137900F658F5 /* Release */ = {
			isa = XCBuildConfiguration;
			buildSettings = {
				BUNDLE_LOADER = "$(TEST_HOST)";
				FRAMEWORK_SEARCH_PATHS = (
					"$(SDKROOT)/Developer/Library/Frameworks",
					"$(inherited)",
				);
				INFOPLIST_FILE = CheckBoxTests/Info.plist;
				LD_RUNPATH_SEARCH_PATHS = "$(inherited) @executable_path/Frameworks @loader_path/Frameworks";
				PRODUCT_NAME = "$(TARGET_NAME)";
				TEST_HOST = "$(BUILT_PRODUCTS_DIR)/CheckBox.app/CheckBox";
			};
			name = Release;
		};
/* End XCBuildConfiguration section */

/* Begin XCConfigurationList section */
		4933C6161C5A137900F658F5 /* Build configuration list for PBXProject "CheckBox" */ = {
			isa = XCConfigurationList;
			buildConfigurations = (
				4933C63C1C5A137900F658F5 /* Debug */,
				4933C63D1C5A137900F658F5 /* Release */,
			);
			defaultConfigurationIsVisible = 0;
			defaultConfigurationName = Release;
		};
		4933C63E1C5A137900F658F5 /* Build configuration list for PBXNativeTarget "CheckBox" */ = {
			isa = XCConfigurationList;
			buildConfigurations = (
				4933C63F1C5A137900F658F5 /* Debug */,
				4933C6401C5A137900F658F5 /* Release */,
			);
			defaultConfigurationIsVisible = 0;
			defaultConfigurationName = Release;
		};
		4933C6411C5A137900F658F5 /* Build configuration list for PBXNativeTarget "CheckBoxTests" */ = {
			isa = XCConfigurationList;
			buildConfigurations = (
				4933C6421C5A137900F658F5 /* Debug */,
				4933C6431C5A137900F658F5 /* Release */,
			);
			defaultConfigurationIsVisible = 0;
			defaultConfigurationName = Release;
		};
/* End XCConfigurationList section */
	};
	rootObject = 4933C6131C5A137900F658F5 /* Project object */;
}
